
Microsoft Visual Studio Solution File, Format Version 12.00
Project("{FAE04EC0-301F-11D3-BF4B-00C04F79EFBC}") = "DiscordClone.Api", "source\DiscordClone.Api\DiscordClone.Api.csproj", "{1C5277B8-9F81-47B6-A4D8-22AF04D0D76C}"
EndProject
Project("{FAE04EC0-301F-11D3-BF4B-00C04F79EFBC}") = "DiscordClone.Mvc", "source\DiscordClone.Mvc\DiscordClone.Mvc.csproj", "{04CCFC7A-0359-4A71-9EE8-4F14F9DE0D0B}"
EndProject
Project("{2150E333-8FDC-42A3-9474-1A3956D46DE8}") = "Source", "Source", "{2519EFC1-BB9B-42E8-9443-8BF35B95374D}"
EndProject
Project("{FAE04EC0-301F-11D3-BF4B-00C04F79EFBC}") = "DiscordClone.DbMigrator", "source\DiscordClone.DbMigrator\DiscordClone.DbMigrator.csproj", "{9C381FEE-18F7-488B-AE80-1068E6365E20}"
EndProject
Project("{2150E333-8FDC-42A3-9474-1A3956D46DE8}") = "Client", "Client", "{0CCF2FBA-7871-4B4F-9B70-64283B98D595}"
EndProject
Project("{2150E333-8FDC-42A3-9474-1A3956D46DE8}") = "Api", "Api", "{5CE2D6BA-90BC-4A62-AD13-99368DABAD0B}"
EndProject
Project("{2150E333-8FDC-42A3-9474-1A3956D46DE8}") = "Contract", "Contract", "{4549E0CF-A3B0-4B3B-953B-34F940D31FB5}"
EndProject
Project("{2150E333-8FDC-42A3-9474-1A3956D46DE8}") = "Build", "Build", "{86F0A47D-BC59-48E1-8F7A-9C1D73FF3C0B}"
EndProject
Project("{FAE04EC0-301F-11D3-BF4B-00C04F79EFBC}") = "DiscordClone.Domain", "source\DiscordClone.Domain\DiscordClone.Domain.csproj", "{AA852610-ECD8-4BA1-B022-073AAC26DEEE}"
EndProject
Project("{FAE04EC0-301F-11D3-BF4B-00C04F79EFBC}") = "DiscordClone.Persistence", "source\DiscordClone.Persistence\DiscordClone.Persistence.csproj", "{930EE7DC-184D-45C6-AD6B-9FD86BA84B34}"
EndProject
Project("{FAE04EC0-301F-11D3-BF4B-00C04F79EFBC}") = "DiscordClone.Business", "source\DiscordClone.Business\DiscordClone.Business.csproj", "{C296F4F9-F2D5-4A00-BF3C-5B58D0F843FC}"
EndProject
Project("{FAE04EC0-301F-11D3-BF4B-00C04F79EFBC}") = "DiscordClone.Contract", "source\DiscordClone.Contract\DiscordClone.Contract.csproj", "{499ABA49-4B2F-43DC-8FD9-7C23C69AF70C}"
EndProject
Global
	GlobalSection(SolutionConfigurationPlatforms) = preSolution
		Debug|Any CPU = Debug|Any CPU
		Release|Any CPU = Release|Any CPU
	EndGlobalSection
	GlobalSection(ProjectConfigurationPlatforms) = postSolution
		{1C5277B8-9F81-47B6-A4D8-22AF04D0D76C}.Debug|Any CPU.ActiveCfg = Debug|Any CPU
		{1C5277B8-9F81-47B6-A4D8-22AF04D0D76C}.Debug|Any CPU.Build.0 = Debug|Any CPU
		{1C5277B8-9F81-47B6-A4D8-22AF04D0D76C}.Release|Any CPU.ActiveCfg = Release|Any CPU
		{1C5277B8-9F81-47B6-A4D8-22AF04D0D76C}.Release|Any CPU.Build.0 = Release|Any CPU
		{04CCFC7A-0359-4A71-9EE8-4F14F9DE0D0B}.Debug|Any CPU.ActiveCfg = Debug|Any CPU
		{04CCFC7A-0359-4A71-9EE8-4F14F9DE0D0B}.Debug|Any CPU.Build.0 = Debug|Any CPU
		{04CCFC7A-0359-4A71-9EE8-4F14F9DE0D0B}.Release|Any CPU.ActiveCfg = Release|Any CPU
		{04CCFC7A-0359-4A71-9EE8-4F14F9DE0D0B}.Release|Any CPU.Build.0 = Release|Any CPU
		{9C381FEE-18F7-488B-AE80-1068E6365E20}.Debug|Any CPU.ActiveCfg = Debug|Any CPU
		{9C381FEE-18F7-488B-AE80-1068E6365E20}.Debug|Any CPU.Build.0 = Debug|Any CPU
		{9C381FEE-18F7-488B-AE80-1068E6365E20}.Release|Any CPU.ActiveCfg = Release|Any CPU
		{9C381FEE-18F7-488B-AE80-1068E6365E20}.Release|Any CPU.Build.0 = Release|Any CPU
		{AA852610-ECD8-4BA1-B022-073AAC26DEEE}.Debug|Any CPU.ActiveCfg = Debug|Any CPU
		{AA852610-ECD8-4BA1-B022-073AAC26DEEE}.Debug|Any CPU.Build.0 = Debug|Any CPU
		{AA852610-ECD8-4BA1-B022-073AAC26DEEE}.Release|Any CPU.ActiveCfg = Release|Any CPU
		{AA852610-ECD8-4BA1-B022-073AAC26DEEE}.Release|Any CPU.Build.0 = Release|Any CPU
		{930EE7DC-184D-45C6-AD6B-9FD86BA84B34}.Debug|Any CPU.ActiveCfg = Debug|Any CPU
		{930EE7DC-184D-45C6-AD6B-9FD86BA84B34}.Debug|Any CPU.Build.0 = Debug|Any CPU
		{930EE7DC-184D-45C6-AD6B-9FD86BA84B34}.Release|Any CPU.ActiveCfg = Release|Any CPU
		{930EE7DC-184D-45C6-AD6B-9FD86BA84B34}.Release|Any CPU.Build.0 = Release|Any CPU
		{C296F4F9-F2D5-4A00-BF3C-5B58D0F843FC}.Debug|Any CPU.ActiveCfg = Debug|Any CPU
		{C296F4F9-F2D5-4A00-BF3C-5B58D0F843FC}.Debug|Any CPU.Build.0 = Debug|Any CPU
		{C296F4F9-F2D5-4A00-BF3C-5B58D0F843FC}.Release|Any CPU.ActiveCfg = Release|Any CPU
		{C296F4F9-F2D5-4A00-BF3C-5B58D0F843FC}.Release|Any CPU.Build.0 = Release|Any CPU
		{499ABA49-4B2F-43DC-8FD9-7C23C69AF70C}.Debug|Any CPU.ActiveCfg = Debug|Any CPU
		{499ABA49-4B2F-43DC-8FD9-7C23C69AF70C}.Debug|Any CPU.Build.0 = Debug|Any CPU
		{499ABA49-4B2F-43DC-8FD9-7C23C69AF70C}.Release|Any CPU.ActiveCfg = Release|Any CPU
		{499ABA49-4B2F-43DC-8FD9-7C23C69AF70C}.Release|Any CPU.Build.0 = Release|Any CPU
	EndGlobalSection
	GlobalSection(NestedProjects) = preSolution
		{0CCF2FBA-7871-4B4F-9B70-64283B98D595} = {2519EFC1-BB9B-42E8-9443-8BF35B95374D}
		{5CE2D6BA-90BC-4A62-AD13-99368DABAD0B} = {2519EFC1-BB9B-42E8-9443-8BF35B95374D}
		{1C5277B8-9F81-47B6-A4D8-22AF04D0D76C} = {5CE2D6BA-90BC-4A62-AD13-99368DABAD0B}
		{9C381FEE-18F7-488B-AE80-1068E6365E20} = {5CE2D6BA-90BC-4A62-AD13-99368DABAD0B}
		{04CCFC7A-0359-4A71-9EE8-4F14F9DE0D0B} = {0CCF2FBA-7871-4B4F-9B70-64283B98D595}
		{4549E0CF-A3B0-4B3B-953B-34F940D31FB5} = {2519EFC1-BB9B-42E8-9443-8BF35B95374D}
		{AA852610-ECD8-4BA1-B022-073AAC26DEEE} = {5CE2D6BA-90BC-4A62-AD13-99368DABAD0B}
		{930EE7DC-184D-45C6-AD6B-9FD86BA84B34} = {5CE2D6BA-90BC-4A62-AD13-99368DABAD0B}
		{C296F4F9-F2D5-4A00-BF3C-5B58D0F843FC} = {0CCF2FBA-7871-4B4F-9B70-64283B98D595}
		{499ABA49-4B2F-43DC-8FD9-7C23C69AF70C} = {4549E0CF-A3B0-4B3B-953B-34F940D31FB5}
	EndGlobalSection
EndGlobal
